
Microsoft Visual Studio Solution File, Format Version 12.00
# Visual Studio Version 16
VisualStudioVersion = 16.0.31410.357
MinimumVisualStudioVersion = 10.0.40219.1
Project("{FAE04EC0-301F-11D3-BF4B-00C04F79EFBC}") = "Loja.Backend.API", "Loja.Backend.API.csproj", "{933F418A-A05B-4598-80E0-360886087AC0}"
EndProject
Global
	GlobalSection(SolutionConfigurationPlatforms) = preSolution
		Debug|Any CPU = Debug|Any CPU
		Release|Any CPU = Release|Any CPU
	EndGlobalSection
	GlobalSection(ProjectConfigurationPlatforms) = postSolution
		{933F418A-A05B-4598-80E0-360886087AC0}.Debug|Any CPU.ActiveCfg = Debug|Any CPU
		{933F418A-A05B-4598-80E0-360886087AC0}.Debug|Any CPU.Build.0 = Debug|Any CPU
		{933F418A-A05B-4598-80E0-360886087AC0}.Release|Any CPU.ActiveCfg = Release|Any CPU
		{933F418A-A05B-4598-80E0-360886087AC0}.Release|Any CPU.Build.0 = Release|Any CPU
	EndGlobalSection
	GlobalSection(SolutionProperties) = preSolution
		HideSolutionNode = FALSE
	EndGlobalSection
	GlobalSection(ExtensibilityGlobals) = postSolution
		SolutionGuid = {F5BD7F32-3586-44AF-BC81-D3166D43C30A}
	EndGlobalSection
EndGlobal
